
Microsoft Visual Studio Solution File, Format Version 12.00
# Visual Studio Version 17
VisualStudioVersion = 17.9.34723.18
MinimumVisualStudioVersion = 10.0.40219.1
Project("{FAE04EC0-301F-11D3-BF4B-00C04F79EFBC}") = "Windows_Activator", "Windows_Activator\Windows_Activator.csproj", "{611D8FF6-8832-47F3-AFEC-A6E8961F2B70}"
EndProject
Project("{2150E333-8FDC-42A3-9474-1A3956D46DE8}") = "Screen", "Screen", "{ECDE3E15-53A6-4929-BE74-1BFCA5AF26C2}"
	ProjectSection(SolutionItems) = preProject
		Screen\Screenshot 2024-04-29 231437.png = Screen\Screenshot 2024-04-29 231437.png
		Screen\Screenshot 2024-04-29 231552.png = Screen\Screenshot 2024-04-29 231552.png
	EndProjectSection
EndProject
Global
	GlobalSection(SolutionConfigurationPlatforms) = preSolution
		Debug|Any CPU = Debug|Any CPU
		Release|Any CPU = Release|Any CPU
	EndGlobalSection
	GlobalSection(ProjectConfigurationPlatforms) = postSolution
		{611D8FF6-8832-47F3-AFEC-A6E8961F2B70}.Debug|Any CPU.ActiveCfg = Debug|Any CPU
		{611D8FF6-8832-47F3-AFEC-A6E8961F2B70}.Debug|Any CPU.Build.0 = Debug|Any CPU
		{611D8FF6-8832-47F3-AFEC-A6E8961F2B70}.Release|Any CPU.ActiveCfg = Release|Any CPU
		{611D8FF6-8832-47F3-AFEC-A6E8961F2B70}.Release|Any CPU.Build.0 = Release|Any CPU
	EndGlobalSection
	GlobalSection(SolutionProperties) = preSolution
		HideSolutionNode = FALSE
	EndGlobalSection
	GlobalSection(ExtensibilityGlobals) = postSolution
		SolutionGuid = {96A2CBCD-1977-4815-AACB-0A4F36CBB44A}
	EndGlobalSection
EndGlobal
