
Microsoft Visual Studio Solution File, Format Version 12.00
# Visual Studio Version 17
VisualStudioVersion = 17.9.34723.18
MinimumVisualStudioVersion = 10.0.40219.1
Project("{FAE04EC0-301F-11D3-BF4B-00C04F79EFBC}") = "Windows_Activator_Application", "Windows_Activator_Application\Windows_Activator_Application.csproj", "{611D8FF6-8832-47F3-AFEC-A6E8961F2B70}"
EndProject
Global
	GlobalSection(SolutionConfigurationPlatforms) = preSolution
		Debug|Any CPU = Debug|Any CPU
		Release|Any CPU = Release|Any CPU
	EndGlobalSection
	GlobalSection(ProjectConfigurationPlatforms) = postSolution
		{611D8FF6-8832-47F3-AFEC-A6E8961F2B70}.Debug|Any CPU.ActiveCfg = Debug|Any CPU
		{611D8FF6-8832-47F3-AFEC-A6E8961F2B70}.Debug|Any CPU.Build.0 = Debug|Any CPU
		{611D8FF6-8832-47F3-AFEC-A6E8961F2B70}.Release|Any CPU.ActiveCfg = Release|Any CPU
		{611D8FF6-8832-47F3-AFEC-A6E8961F2B70}.Release|Any CPU.Build.0 = Release|Any CPU
	EndGlobalSection
	GlobalSection(SolutionProperties) = preSolution
		HideSolutionNode = FALSE
	EndGlobalSection
	GlobalSection(ExtensibilityGlobals) = postSolution
		SolutionGuid = {96A2CBCD-1977-4815-AACB-0A4F36CBB44A}
	EndGlobalSection
EndGlobal
